// !$*UTF8*$!
{
	archiveVersion = 1;
	classes = {
	};
	objectVersion = 46;
	objects = {

/* Begin PBXBuildFile section */
		7E875AE71F4411E8003A9B76 /* ImageModel.m in Sources */ = {isa = PBXBuildFile; fileRef = 7E875AE61F4411E8003A9B76 /* ImageModel.m */; };
		7E875AEA1F4418AC003A9B76 /* U.m in Sources */ = {isa = PBXBuildFile; fileRef = 7E875AE91F4418AC003A9B76 /* U.m */; };
		7E875AF01F442D3E003A9B76 /* test_response.txt in Resources */ = {isa = PBXBuildFile; fileRef = 7E875AEF1F442D3E003A9B76 /* test_response.txt */; };
		7EE3DF9A1F43FB03000FF246 /* main.m in Sources */ = {isa = PBXBuildFile; fileRef = 7EE3DF991F43FB03000FF246 /* main.m */; };
		7EE3DF9D1F43FB03000FF246 /* AppDelegate.m in Sources */ = {isa = PBXBuildFile; fileRef = 7EE3DF9C1F43FB03000FF246 /* AppDelegate.m */; };
		7EE3DFA01F43FB03000FF246 /* ViewController.m in Sources */ = {isa = PBXBuildFile; fileRef = 7EE3DF9F1F43FB03000FF246 /* ViewController.m */; };
		7EE3DFA31F43FB03000FF246 /* Main.storyboard in Resources */ = {isa = PBXBuildFile; fileRef = 7EE3DFA11F43FB03000FF246 /* Main.storyboard */; };
		7EE3DFA51F43FB03000FF246 /* Assets.xcassets in Resources */ = {isa = PBXBuildFile; fileRef = 7EE3DFA41F43FB03000FF246 /* Assets.xcassets */; };
		7EE3DFA81F43FB03000FF246 /* LaunchScreen.storyboard in Resources */ = {isa = PBXBuildFile; fileRef = 7EE3DFA61F43FB03000FF246 /* LaunchScreen.storyboard */; };
		8BA5848820CB543593898890 /* libPods-EstafetaImageSearch.a in Frameworks */ = {isa = PBXBuildFile; fileRef = DAD708D1F8296EB35EA8224F /* libPods-EstafetaImageSearch.a */; };
/* End PBXBuildFile section */

/* Begin PBXFileReference section */
		7E875AE51F4411E8003A9B76 /* ImageModel.h */ = {isa = PBXFileReference; fileEncoding = 4; lastKnownFileType = sourcecode.c.h; path = ImageModel.h; sourceTree = "<group>"; };
		7E875AE61F4411E8003A9B76 /* ImageModel.m */ = {isa = PBXFileReference; fileEncoding = 4; lastKnownFileType = sourcecode.c.objc; path = ImageModel.m; sourceTree = "<group>"; };
		7E875AE81F4418AC003A9B76 /* U.h */ = {isa = PBXFileReference; fileEncoding = 4; lastKnownFileType = sourcecode.c.h; path = U.h; sourceTree = "<group>"; };
		7E875AE91F4418AC003A9B76 /* U.m */ = {isa = PBXFileReference; fileEncoding = 4; lastKnownFileType = sourcecode.c.objc; path = U.m; sourceTree = "<group>"; };
		7E875AEE1F441A8D003A9B76 /* S.h */ = {isa = PBXFileReference; lastKnownFileType = sourcecode.c.h; path = S.h; sourceTree = "<group>"; };
		7E875AEF1F442D3E003A9B76 /* test_response.txt */ = {isa = PBXFileReference; fileEncoding = 4; lastKnownFileType = text; path = test_response.txt; sourceTree = "<group>"; };
		7EE3DF951F43FB03000FF246 /* EstafetaImageSearch.app */ = {isa = PBXFileReference; explicitFileType = wrapper.application; includeInIndex = 0; path = EstafetaImageSearch.app; sourceTree = BUILT_PRODUCTS_DIR; };
		7EE3DF991F43FB03000FF246 /* main.m */ = {isa = PBXFileReference; lastKnownFileType = sourcecode.c.objc; path = main.m; sourceTree = "<group>"; };
		7EE3DF9B1F43FB03000FF246 /* AppDelegate.h */ = {isa = PBXFileReference; lastKnownFileType = sourcecode.c.h; path = AppDelegate.h; sourceTree = "<group>"; };
		7EE3DF9C1F43FB03000FF246 /* AppDelegate.m */ = {isa = PBXFileReference; lastKnownFileType = sourcecode.c.objc; path = AppDelegate.m; sourceTree = "<group>"; };
		7EE3DF9E1F43FB03000FF246 /* ViewController.h */ = {isa = PBXFileReference; lastKnownFileType = sourcecode.c.h; path = ViewController.h; sourceTree = "<group>"; };
		7EE3DF9F1F43FB03000FF246 /* ViewController.m */ = {isa = PBXFileReference; lastKnownFileType = sourcecode.c.objc; path = ViewController.m; sourceTree = "<group>"; };
		7EE3DFA21F43FB03000FF246 /* Base */ = {isa = PBXFileReference; lastKnownFileType = file.storyboard; name = Base; path = Base.lproj/Main.storyboard; sourceTree = "<group>"; };
		7EE3DFA41F43FB03000FF246 /* Assets.xcassets */ = {isa = PBXFileReference; lastKnownFileType = folder.assetcatalog; path = Assets.xcassets; sourceTree = "<group>"; };
		7EE3DFA71F43FB03000FF246 /* Base */ = {isa = PBXFileReference; lastKnownFileType = file.storyboard; name = Base; path = Base.lproj/LaunchScreen.storyboard; sourceTree = "<group>"; };
		7EE3DFA91F43FB03000FF246 /* Info.plist */ = {isa = PBXFileReference; lastKnownFileType = text.plist.xml; path = Info.plist; sourceTree = "<group>"; };
		BBF7C466E1066BE734A3249C /* Pods-EstafetaImageSearch.release.xcconfig */ = {isa = PBXFileReference; includeInIndex = 1; lastKnownFileType = text.xcconfig; name = "Pods-EstafetaImageSearch.release.xcconfig"; path = "Pods/Target Support Files/Pods-EstafetaImageSearch/Pods-EstafetaImageSearch.release.xcconfig"; sourceTree = "<group>"; };
		D49602D6FBC0E447BCA7D5DC /* Pods-EstafetaImageSearch.debug.xcconfig */ = {isa = PBXFileReference; includeInIndex = 1; lastKnownFileType = text.xcconfig; name = "Pods-EstafetaImageSearch.debug.xcconfig"; path = "Pods/Target Support Files/Pods-EstafetaImageSearch/Pods-EstafetaImageSearch.debug.xcconfig"; sourceTree = "<group>"; };
		DAD708D1F8296EB35EA8224F /* libPods-EstafetaImageSearch.a */ = {isa = PBXFileReference; explicitFileType = archive.ar; includeInIndex = 0; path = "libPods-EstafetaImageSearch.a"; sourceTree = BUILT_PRODUCTS_DIR; };
/* End PBXFileReference section */

/* Begin PBXFrameworksBuildPhase section */
		7EE3DF921F43FB03000FF246 /* Frameworks */ = {
			isa = PBXFrameworksBuildPhase;
			buildActionMask = 2147483647;
			files = (
				8BA5848820CB543593898890 /* libPods-EstafetaImageSearch.a in Frameworks */,
			);
			runOnlyForDeploymentPostprocessing = 0;
		};
/* End PBXFrameworksBuildPhase section */

/* Begin PBXGroup section */
		7E875AF11F446438003A9B76 /* Layouts */ = {
			isa = PBXGroup;
			children = (
				7EE3DFA61F43FB03000FF246 /* LaunchScreen.storyboard */,
				7EE3DFA11F43FB03000FF246 /* Main.storyboard */,
			);
			name = Layouts;
			sourceTree = "<group>";
		};
		7EE3DF8C1F43FB03000FF246 = {
			isa = PBXGroup;
			children = (
				7EE3DF971F43FB03000FF246 /* EstafetaImageSearch */,
				7EE3DF961F43FB03000FF246 /* Products */,
				CB6FC84391FF8B40CA881E39 /* Pods */,
				96763ED584F4D3044245F192 /* Frameworks */,
			);
			sourceTree = "<group>";
		};
		7EE3DF961F43FB03000FF246 /* Products */ = {
			isa = PBXGroup;
			children = (
				7EE3DF951F43FB03000FF246 /* EstafetaImageSearch.app */,
			);
			name = Products;
			sourceTree = "<group>";
		};
		7EE3DF971F43FB03000FF246 /* EstafetaImageSearch */ = {
			isa = PBXGroup;
			children = (
				7E875AF11F446438003A9B76 /* Layouts */,
				7E875AEE1F441A8D003A9B76 /* S.h */,
				7E875AE81F4418AC003A9B76 /* U.h */,
				7E875AE91F4418AC003A9B76 /* U.m */,
				7E875AE51F4411E8003A9B76 /* ImageModel.h */,
				7E875AE61F4411E8003A9B76 /* ImageModel.m */,
				7EE3DF9B1F43FB03000FF246 /* AppDelegate.h */,
				7EE3DF9C1F43FB03000FF246 /* AppDelegate.m */,
				7EE3DF9E1F43FB03000FF246 /* ViewController.h */,
				7EE3DF9F1F43FB03000FF246 /* ViewController.m */,
				7EE3DFA41F43FB03000FF246 /* Assets.xcassets */,
				7EE3DFA91F43FB03000FF246 /* Info.plist */,
				7EE3DF981F43FB03000FF246 /* Supporting Files */,
			);
			path = EstafetaImageSearch;
			sourceTree = "<group>";
		};
		7EE3DF981F43FB03000FF246 /* Supporting Files */ = {
			isa = PBXGroup;
			children = (
				7EE3DF991F43FB03000FF246 /* main.m */,
				7E875AEF1F442D3E003A9B76 /* test_response.txt */,
			);
			name = "Supporting Files";
			sourceTree = "<group>";
		};
		96763ED584F4D3044245F192 /* Frameworks */ = {
			isa = PBXGroup;
			children = (
				DAD708D1F8296EB35EA8224F /* libPods-EstafetaImageSearch.a */,
			);
			name = Frameworks;
			sourceTree = "<group>";
		};
		CB6FC84391FF8B40CA881E39 /* Pods */ = {
			isa = PBXGroup;
			children = (
				D49602D6FBC0E447BCA7D5DC /* Pods-EstafetaImageSearch.debug.xcconfig */,
				BBF7C466E1066BE734A3249C /* Pods-EstafetaImageSearch.release.xcconfig */,
			);
			name = Pods;
			sourceTree = "<group>";
		};
/* End PBXGroup section */

/* Begin PBXNativeTarget section */
		7EE3DF941F43FB03000FF246 /* EstafetaImageSearch */ = {
			isa = PBXNativeTarget;
			buildConfigurationList = 7EE3DFAC1F43FB03000FF246 /* Build configuration list for PBXNativeTarget "EstafetaImageSearch" */;
			buildPhases = (
				9BBC3F18949F31BFD27892BC /* [CP] Check Pods Manifest.lock */,
				7EE3DF911F43FB03000FF246 /* Sources */,
				7EE3DF921F43FB03000FF246 /* Frameworks */,
				7EE3DF931F43FB03000FF246 /* Resources */,
				2A5C2CF7479D3C001359A924 /* [CP] Embed Pods Frameworks */,
				08DF7BCC94AEF711637AC5F4 /* [CP] Copy Pods Resources */,
			);
			buildRules = (
			);
			dependencies = (
			);
			name = EstafetaImageSearch;
			productName = EstafetaImageSearch;
			productReference = 7EE3DF951F43FB03000FF246 /* EstafetaImageSearch.app */;
			productType = "com.apple.product-type.application";
		};
/* End PBXNativeTarget section */

/* Begin PBXProject section */
		7EE3DF8D1F43FB03000FF246 /* Project object */ = {
			isa = PBXProject;
			attributes = {
				LastUpgradeCheck = 0830;
				ORGANIZATIONNAME = "Pavel Kozlovsky";
				TargetAttributes = {
					7EE3DF941F43FB03000FF246 = {
						CreatedOnToolsVersion = 8.3.3;
						DevelopmentTeam = WDUBMTZXG4;
						ProvisioningStyle = Automatic;
						SystemCapabilities = {
							com.apple.BackgroundModes = {
								enabled = 1;
							};
						};
					};
				};
			};
			buildConfigurationList = 7EE3DF901F43FB03000FF246 /* Build configuration list for PBXProject "EstafetaImageSearch" */;
			compatibilityVersion = "Xcode 3.2";
			developmentRegion = English;
			hasScannedForEncodings = 0;
			knownRegions = (
				en,
				Base,
			);
			mainGroup = 7EE3DF8C1F43FB03000FF246;
			productRefGroup = 7EE3DF961F43FB03000FF246 /* Products */;
			projectDirPath = "";
			projectRoot = "";
			targets = (
				7EE3DF941F43FB03000FF246 /* EstafetaImageSearch */,
			);
		};
/* End PBXProject section */

/* Begin PBXResourcesBuildPhase section */
		7EE3DF931F43FB03000FF246 /* Resources */ = {
			isa = PBXResourcesBuildPhase;
			buildActionMask = 2147483647;
			files = (
				7EE3DFA81F43FB03000FF246 /* LaunchScreen.storyboard in Resources */,
				7E875AF01F442D3E003A9B76 /* test_response.txt in Resources */,
				7EE3DFA51F43FB03000FF246 /* Assets.xcassets in Resources */,
				7EE3DFA31F43FB03000FF246 /* Main.storyboard in Resources */,
			);
			runOnlyForDeploymentPostprocessing = 0;
		};
/* End PBXResourcesBuildPhase section */

/* Begin PBXShellScriptBuildPhase section */
		08DF7BCC94AEF711637AC5F4 /* [CP] Copy Pods Resources */ = {
			isa = PBXShellScriptBuildPhase;
			buildActionMask = 2147483647;
			files = (
			);
			inputPaths = (
			);
			name = "[CP] Copy Pods Resources";
			outputPaths = (
			);
			runOnlyForDeploymentPostprocessing = 0;
			shellPath = /bin/sh;
			shellScript = "\"${SRCROOT}/Pods/Target Support Files/Pods-EstafetaImageSearch/Pods-EstafetaImageSearch-resources.sh\"\n";
			showEnvVarsInLog = 0;
		};
		2A5C2CF7479D3C001359A924 /* [CP] Embed Pods Frameworks */ = {
			isa = PBXShellScriptBuildPhase;
			buildActionMask = 2147483647;
			files = (
			);
			inputPaths = (
			);
			name = "[CP] Embed Pods Frameworks";
			outputPaths = (
			);
			runOnlyForDeploymentPostprocessing = 0;
			shellPath = /bin/sh;
			shellScript = "\"${SRCROOT}/Pods/Target Support Files/Pods-EstafetaImageSearch/Pods-EstafetaImageSearch-frameworks.sh\"\n";
			showEnvVarsInLog = 0;
		};
		9BBC3F18949F31BFD27892BC /* [CP] Check Pods Manifest.lock */ = {
			isa = PBXShellScriptBuildPhase;
			buildActionMask = 2147483647;
			files = (
			);
			inputPaths = (
				"${PODS_PODFILE_DIR_PATH}/Podfile.lock",
				"${PODS_ROOT}/Manifest.lock",
			);
			name = "[CP] Check Pods Manifest.lock";
			outputPaths = (
				"$(DERIVED_FILE_DIR)/Pods-EstafetaImageSearch-checkManifestLockResult.txt",
			);
			runOnlyForDeploymentPostprocessing = 0;
			shellPath = /bin/sh;
			shellScript = "diff \"${PODS_PODFILE_DIR_PATH}/Podfile.lock\" \"${PODS_ROOT}/Manifest.lock\" > /dev/null\nif [ $? != 0 ] ; then\n    # print error to STDERR\n    echo \"error: The sandbox is not in sync with the Podfile.lock. Run 'pod install' or update your CocoaPods installation.\" >&2\n    exit 1\nfi\n# This output is used by Xcode 'outputs' to avoid re-running this script phase.\necho \"SUCCESS\" > \"${SCRIPT_OUTPUT_FILE_0}\"\n";
			showEnvVarsInLog = 0;
		};
/* End PBXShellScriptBuildPhase section */

/* Begin PBXSourcesBuildPhase section */
		7EE3DF911F43FB03000FF246 /* Sources */ = {
			isa = PBXSourcesBuildPhase;
			buildActionMask = 2147483647;
			files = (
				7E875AEA1F4418AC003A9B76 /* U.m in Sources */,
				7EE3DFA01F43FB03000FF246 /* ViewController.m in Sources */,
				7EE3DF9D1F43FB03000FF246 /* AppDelegate.m in Sources */,
				7EE3DF9A1F43FB03000FF246 /* main.m in Sources */,
				7E875AE71F4411E8003A9B76 /* ImageModel.m in Sources */,
			);
			runOnlyForDeploymentPostprocessing = 0;
		};
/* End PBXSourcesBuildPhase section */

/* Begin PBXVariantGroup section */
		7EE3DFA11F43FB03000FF246 /* Main.storyboard */ = {
			isa = PBXVariantGroup;
			children = (
				7EE3DFA21F43FB03000FF246 /* Base */,
			);
			name = Main.storyboard;
			sourceTree = "<group>";
		};
		7EE3DFA61F43FB03000FF246 /* LaunchScreen.storyboard */ = {
			isa = PBXVariantGroup;
			children = (
				7EE3DFA71F43FB03000FF246 /* Base */,
			);
			name = LaunchScreen.storyboard;
			sourceTree = "<group>";
		};
/* End PBXVariantGroup section */

/* Begin XCBuildConfiguration section */
		7EE3DFAA1F43FB03000FF246 /* Debug */ = {
			isa = XCBuildConfiguration;
			buildSettings = {
				ALWAYS_SEARCH_USER_PATHS = NO;
				CLANG_ANALYZER_NONNULL = YES;
				CLANG_ANALYZER_NUMBER_OBJECT_CONVERSION = YES_AGGRESSIVE;
				CLANG_CXX_LANGUAGE_STANDARD = "gnu++0x";
				CLANG_CXX_LIBRARY = "libc++";
				CLANG_ENABLE_MODULES = YES;
				CLANG_ENABLE_OBJC_ARC = YES;
				CLANG_WARN_BOOL_CONVERSION = YES;
				CLANG_WARN_CONSTANT_CONVERSION = YES;
				CLANG_WARN_DIRECT_OBJC_ISA_USAGE = YES_ERROR;
				CLANG_WARN_DOCUMENTATION_COMMENTS = YES;
				CLANG_WARN_EMPTY_BODY = YES;
				CLANG_WARN_ENUM_CONVERSION = YES;
				CLANG_WARN_INFINITE_RECURSION = YES;
				CLANG_WARN_INT_CONVERSION = YES;
				CLANG_WARN_OBJC_ROOT_CLASS = YES_ERROR;
				CLANG_WARN_SUSPICIOUS_MOVE = YES;
				CLANG_WARN_UNREACHABLE_CODE = YES;
				CLANG_WARN__DUPLICATE_METHOD_MATCH = YES;
				"CODE_SIGN_IDENTITY[sdk=iphoneos*]" = "iPhone Developer";
				COPY_PHASE_STRIP = NO;
				DEBUG_INFORMATION_FORMAT = dwarf;
				ENABLE_STRICT_OBJC_MSGSEND = YES;
				ENABLE_TESTABILITY = YES;
				GCC_C_LANGUAGE_STANDARD = gnu99;
				GCC_DYNAMIC_NO_PIC = NO;
				GCC_NO_COMMON_BLOCKS = YES;
				GCC_OPTIMIZATION_LEVEL = 0;
				GCC_PREPROCESSOR_DEFINITIONS = (
					"DEBUG=1",
					"$(inherited)",
				);
				GCC_WARN_64_TO_32_BIT_CONVERSION = YES;
				GCC_WARN_ABOUT_RETURN_TYPE = YES_ERROR;
				GCC_WARN_UNDECLARED_SELECTOR = YES;
				GCC_WARN_UNINITIALIZED_AUTOS = YES_AGGRESSIVE;
				GCC_WARN_UNUSED_FUNCTION = YES;
				GCC_WARN_UNUSED_VARIABLE = YES;
				IPHONEOS_DEPLOYMENT_TARGET = 10.3;
				MTL_ENABLE_DEBUG_INFO = YES;
				ONLY_ACTIVE_ARCH = YES;
				SDKROOT = iphoneos;
				TARGETED_DEVICE_FAMILY = 2;
			};
			name = Debug;
		};
		7EE3DFAB1F43FB03000FF246 /* Release */ = {
			isa = XCBuildConfiguration;
			buildSettings = {
				ALWAYS_SEARCH_USER_PATHS = NO;
				CLANG_ANALYZER_NONNULL = YES;
				CLANG_ANALYZER_NUMBER_OBJECT_CONVERSION = YES_AGGRESSIVE;
				CLANG_CXX_LANGUAGE_STANDARD = "gnu++0x";
				CLANG_CXX_LIBRARY = "libc++";
				CLANG_ENABLE_MODULES = YES;
				CLANG_ENABLE_OBJC_ARC = YES;
				CLANG_WARN_BOOL_CONVERSION = YES;
				CLANG_WARN_CONSTANT_CONVERSION = YES;
				CLANG_WARN_DIRECT_OBJC_ISA_USAGE = YES_ERROR;
				CLANG_WARN_DOCUMENTATION_COMMENTS = YES;
				CLANG_WARN_EMPTY_BODY = YES;
				CLANG_WARN_ENUM_CONVERSION = YES;
				CLANG_WARN_INFINITE_RECURSION = YES;
				CLANG_WARN_INT_CONVERSION = YES;
				CLANG_WARN_OBJC_ROOT_CLASS = YES_ERROR;
				CLANG_WARN_SUSPICIOUS_MOVE = YES;
				CLANG_WARN_UNREACHABLE_CODE = YES;
				CLANG_WARN__DUPLICATE_METHOD_MATCH = YES;
				"CODE_SIGN_IDENTITY[sdk=iphoneos*]" = "iPhone Developer";
				COPY_PHASE_STRIP = NO;
				DEBUG_INFORMATION_FORMAT = "dwarf-with-dsym";
				ENABLE_NS_ASSERTIONS = NO;
				ENABLE_STRICT_OBJC_MSGSEND = YES;
				GCC_C_LANGUAGE_STANDARD = gnu99;
				GCC_NO_COMMON_BLOCKS = YES;
				GCC_WARN_64_TO_32_BIT_CONVERSION = YES;
				GCC_WARN_ABOUT_RETURN_TYPE = YES_ERROR;
				GCC_WARN_UNDECLARED_SELECTOR = YES;
				GCC_WARN_UNINITIALIZED_AUTOS = YES_AGGRESSIVE;
				GCC_WARN_UNUSED_FUNCTION = YES;
				GCC_WARN_UNUSED_VARIABLE = YES;
				IPHONEOS_DEPLOYMENT_TARGET = 10.3;
				MTL_ENABLE_DEBUG_INFO = NO;
				SDKROOT = iphoneos;
				TARGETED_DEVICE_FAMILY = 2;
				VALIDATE_PRODUCT = YES;
			};
			name = Release;
		};
		7EE3DFAD1F43FB03000FF246 /* Debug */ = {
			isa = XCBuildConfiguration;
			baseConfigurationReference = D49602D6FBC0E447BCA7D5DC /* Pods-EstafetaImageSearch.debug.xcconfig */;
			buildSettings = {
				ASSETCATALOG_COMPILER_APPICON_NAME = AppIcon;
				DEVELOPMENT_TEAM = WDUBMTZXG4;
				INFOPLIST_FILE = EstafetaImageSearch/Info.plist;
				LD_RUNPATH_SEARCH_PATHS = "$(inherited) @executable_path/Frameworks";
				PRODUCT_BUNDLE_IDENTIFIER = com.jpavel.EstafetaImageSearch;
				PRODUCT_NAME = "$(TARGET_NAME)";
				TARGETED_DEVICE_FAMILY = 1;
			};
			name = Debug;
		};
		7EE3DFAE1F43FB03000FF246 /* Release */ = {
			isa = XCBuildConfiguration;
			baseConfigurationReference = BBF7C466E1066BE734A3249C /* Pods-EstafetaImageSearch.release.xcconfig */;
			buildSettings = {
				ASSETCATALOG_COMPILER_APPICON_NAME = AppIcon;
				DEVELOPMENT_TEAM = WDUBMTZXG4;
				INFOPLIST_FILE = EstafetaImageSearch/Info.plist;
				LD_RUNPATH_SEARCH_PATHS = "$(inherited) @executable_path/Frameworks";
				PRODUCT_BUNDLE_IDENTIFIER = com.jpavel.EstafetaImageSearch;
				PRODUCT_NAME = "$(TARGET_NAME)";
				TARGETED_DEVICE_FAMILY = 1;
			};
			name = Release;
		};
/* End XCBuildConfiguration section */

/* Begin XCConfigurationList section */
		7EE3DF901F43FB03000FF246 /* Build configuration list for PBXProject "EstafetaImageSearch" */ = {
			isa = XCConfigurationList;
			buildConfigurations = (
				7EE3DFAA1F43FB03000FF246 /* Debug */,
				7EE3DFAB1F43FB03000FF246 /* Release */,
			);
			defaultConfigurationIsVisible = 0;
			defaultConfigurationName = Release;
		};
		7EE3DFAC1F43FB03000FF246 /* Build configuration list for PBXNativeTarget "EstafetaImageSearch" */ = {
			isa = XCConfigurationList;
			buildConfigurations = (
				7EE3DFAD1F43FB03000FF246 /* Debug */,
				7EE3DFAE1F43FB03000FF246 /* Release */,
			);
			defaultConfigurationIsVisible = 0;
			defaultConfigurationName = Release;
		};
/* End XCConfigurationList section */
	};
	rootObject = 7EE3DF8D1F43FB03000FF246 /* Project object */;
}
